
Microsoft Visual Studio Solution File, Format Version 12.00
# Visual Studio Version 17
VisualStudioVersion = 17.10.34916.146
MinimumVisualStudioVersion = 10.0.40219.1
Project("{FAE04EC0-301F-11D3-BF4B-00C04F79EFBC}") = "ReciclaMais", "ReciclaMais\ReciclaMais.csproj", "{3D11A5EE-E9DF-4855-A277-6432849204B7}"
EndProject
Global
	GlobalSection(SolutionConfigurationPlatforms) = preSolution
		Debug|Any CPU = Debug|Any CPU
		Release|Any CPU = Release|Any CPU
	EndGlobalSection
	GlobalSection(ProjectConfigurationPlatforms) = postSolution
		{3D11A5EE-E9DF-4855-A277-6432849204B7}.Debug|Any CPU.ActiveCfg = Debug|Any CPU
		{3D11A5EE-E9DF-4855-A277-6432849204B7}.Debug|Any CPU.Build.0 = Debug|Any CPU
		{3D11A5EE-E9DF-4855-A277-6432849204B7}.Release|Any CPU.ActiveCfg = Release|Any CPU
		{3D11A5EE-E9DF-4855-A277-6432849204B7}.Release|Any CPU.Build.0 = Release|Any CPU
	EndGlobalSection
	GlobalSection(SolutionProperties) = preSolution
		HideSolutionNode = FALSE
	EndGlobalSection
	GlobalSection(ExtensibilityGlobals) = postSolution
		SolutionGuid = {029968E0-54DF-420D-A5FA-CD946F369FF3}
	EndGlobalSection
EndGlobal
